// !$*UTF8*$!
{
	archiveVersion = 1;
	classes = {
	};
	objectVersion = 55;
	objects = {

/* Begin PBXBuildFile section */
		923C45D827E493490066B828 /* SavedLinkTableViewCell.swift in Sources */ = {isa = PBXBuildFile; fileRef = 923C45D727E493490066B828 /* SavedLinkTableViewCell.swift */; };
		923C45DA27E4986C0066B828 /* LinkListTitleTableViewCell.swift in Sources */ = {isa = PBXBuildFile; fileRef = 923C45D927E4986C0066B828 /* LinkListTitleTableViewCell.swift */; };
		923C45DD27E4A0FD0066B828 /* LinkListSection.swift in Sources */ = {isa = PBXBuildFile; fileRef = 923C45DC27E4A0FD0066B828 /* LinkListSection.swift */; };
		9246A43527DDE9CE00C8074E /* MainContainerViewController.swift in Sources */ = {isa = PBXBuildFile; fileRef = 9246A43427DDE9CE00C8074E /* MainContainerViewController.swift */; };
		9246A43827DDF9FD00C8074E /* SimpleButton.swift in Sources */ = {isa = PBXBuildFile; fileRef = 9246A43727DDF9FD00C8074E /* SimpleButton.swift */; };
		9246A43A27DDFD5600C8074E /* UIView+Corners.swift in Sources */ = {isa = PBXBuildFile; fileRef = 9246A43927DDFD5600C8074E /* UIView+Corners.swift */; };
		9246A43E27DE034E00C8074E /* InvalidatableTextField.swift in Sources */ = {isa = PBXBuildFile; fileRef = 9246A43D27DE034E00C8074E /* InvalidatableTextField.swift */; };
		9246A44727DE144500C8074E /* LinkListViewController.swift in Sources */ = {isa = PBXBuildFile; fileRef = 9246A44627DE144500C8074E /* LinkListViewController.swift */; };
		9246A44F27DE1FC800C8074E /* DataStorage.swift in Sources */ = {isa = PBXBuildFile; fileRef = 9246A44E27DE1FC800C8074E /* DataStorage.swift */; };
		9246A45127DE1FE700C8074E /* ShortenedLinkDataStorage.swift in Sources */ = {isa = PBXBuildFile; fileRef = 9246A45027DE1FE700C8074E /* ShortenedLinkDataStorage.swift */; };
		9246A45427DE515500C8074E /* Errors.swift in Sources */ = {isa = PBXBuildFile; fileRef = 9246A45327DE515500C8074E /* Errors.swift */; };
		9246A45B27DE545600C8074E /* LoadableButton.swift in Sources */ = {isa = PBXBuildFile; fileRef = 9246A45A27DE545600C8074E /* LoadableButton.swift */; };
		9246A45E27DE605200C8074E /* ShortenedLinksPublisher.swift in Sources */ = {isa = PBXBuildFile; fileRef = 9246A45D27DE605200C8074E /* ShortenedLinksPublisher.swift */; };
		9246A46027DE7C8600C8074E /* TemporaryStateChangingButton.swift in Sources */ = {isa = PBXBuildFile; fileRef = 9246A45F27DE7C8600C8074E /* TemporaryStateChangingButton.swift */; };
		9246A46227DE813200C8074E /* Font.swift in Sources */ = {isa = PBXBuildFile; fileRef = 9246A46127DE813200C8074E /* Font.swift */; };
		9246A46327DE834600C8074E /* Poppins-Bold.ttf in Resources */ = {isa = PBXBuildFile; fileRef = 9246A44227DE0A4D00C8074E /* Poppins-Bold.ttf */; };
		9246A46427DE834800C8074E /* Poppins-Medium.ttf in Resources */ = {isa = PBXBuildFile; fileRef = 9246A44127DE0A4D00C8074E /* Poppins-Medium.ttf */; };
		9246A46627DEA5BC00C8074E /* UIView+Gradient.swift in Sources */ = {isa = PBXBuildFile; fileRef = 9246A46527DEA5BC00C8074E /* UIView+Gradient.swift */; };
		92FDECCA27DCBF5F00AEDD40 /* AppDelegate.swift in Sources */ = {isa = PBXBuildFile; fileRef = 92FDECC927DCBF5F00AEDD40 /* AppDelegate.swift */; };
		92FDECD327DCBF5F00AEDD40 /* Assets.xcassets in Resources */ = {isa = PBXBuildFile; fileRef = 92FDECD227DCBF5F00AEDD40 /* Assets.xcassets */; };
		92FDECD627DCBF5F00AEDD40 /* LaunchScreen.storyboard in Resources */ = {isa = PBXBuildFile; fileRef = 92FDECD427DCBF5F00AEDD40 /* LaunchScreen.storyboard */; };
		92FDECDF27DCC04400AEDD40 /* MainViewController.swift in Sources */ = {isa = PBXBuildFile; fileRef = 92FDECDE27DCC04400AEDD40 /* MainViewController.swift */; };
		92FDECE227DCC61D00AEDD40 /* ApiRequestAdapter.swift in Sources */ = {isa = PBXBuildFile; fileRef = 92FDECE127DCC61D00AEDD40 /* ApiRequestAdapter.swift */; };
		92FDECE627DCC6FF00AEDD40 /* Endpoint.swift in Sources */ = {isa = PBXBuildFile; fileRef = 92FDECE527DCC6FF00AEDD40 /* Endpoint.swift */; };
		92FDECE827DCC75300AEDD40 /* BaseEndpoint.swift in Sources */ = {isa = PBXBuildFile; fileRef = 92FDECE727DCC75300AEDD40 /* BaseEndpoint.swift */; };
		92FDECEA27DCC85700AEDD40 /* ShortenLinkEndpoint.swift in Sources */ = {isa = PBXBuildFile; fileRef = 92FDECE927DCC85700AEDD40 /* ShortenLinkEndpoint.swift */; };
		92FDECEC27DCCB9300AEDD40 /* ApiClient.swift in Sources */ = {isa = PBXBuildFile; fileRef = 92FDECEB27DCCB9300AEDD40 /* ApiClient.swift */; };
		92FDECEF27DCEC8600AEDD40 /* Decoder.swift in Sources */ = {isa = PBXBuildFile; fileRef = 92FDECEE27DCEC8600AEDD40 /* Decoder.swift */; };
		92FDECF527DCEE3B00AEDD40 /* Factory.swift in Sources */ = {isa = PBXBuildFile; fileRef = 92FDECF427DCEE3B00AEDD40 /* Factory.swift */; };
		92FDECF827DCEED400AEDD40 /* ShortenUrlService.swift in Sources */ = {isa = PBXBuildFile; fileRef = 92FDECF727DCEED400AEDD40 /* ShortenUrlService.swift */; };
		92FDECFB27DCEF6B00AEDD40 /* Result.swift in Sources */ = {isa = PBXBuildFile; fileRef = 92FDECFA27DCEF6B00AEDD40 /* Result.swift */; };
		92FDECFD27DCF00200AEDD40 /* ApiService.swift in Sources */ = {isa = PBXBuildFile; fileRef = 92FDECFC27DCF00200AEDD40 /* ApiService.swift */; };
		92FDED0227DCFFFA00AEDD40 /* ShortenLinkview.swift in Sources */ = {isa = PBXBuildFile; fileRef = 92FDED0127DCFFFA00AEDD40 /* ShortenLinkview.swift */; };
		92FDED0527DD00EC00AEDD40 /* Color.swift in Sources */ = {isa = PBXBuildFile; fileRef = 92FDED0427DD00EC00AEDD40 /* Color.swift */; };
		92FDED0B27DD244C00AEDD40 /* WelcomeViewController.swift in Sources */ = {isa = PBXBuildFile; fileRef = 92FDED0A27DD244C00AEDD40 /* WelcomeViewController.swift */; };
		92FDED0E27DD27D800AEDD40 /* TitleSubtitleView.swift in Sources */ = {isa = PBXBuildFile; fileRef = 92FDED0D27DD27D800AEDD40 /* TitleSubtitleView.swift */; };
		92FDED1227DD2F9B00AEDD40 /* ContainerViewController.swift in Sources */ = {isa = PBXBuildFile; fileRef = 92FDED1127DD2F9B00AEDD40 /* ContainerViewController.swift */; };
		92FDED1527DD32AE00AEDD40 /* UIViewController+Child.swift in Sources */ = {isa = PBXBuildFile; fileRef = 92FDED1427DD32AE00AEDD40 /* UIViewController+Child.swift */; };
		92FDED1727DD352800AEDD40 /* UIView+Constraints.swift in Sources */ = {isa = PBXBuildFile; fileRef = 92FDED1627DD352800AEDD40 /* UIView+Constraints.swift */; };
/* End PBXBuildFile section */

/* Begin PBXFileReference section */
		923C45D727E493490066B828 /* SavedLinkTableViewCell.swift */ = {isa = PBXFileReference; lastKnownFileType = sourcecode.swift; path = SavedLinkTableViewCell.swift; sourceTree = "<group>"; };
		923C45D927E4986C0066B828 /* LinkListTitleTableViewCell.swift */ = {isa = PBXFileReference; lastKnownFileType = sourcecode.swift; path = LinkListTitleTableViewCell.swift; sourceTree = "<group>"; };
		923C45DC27E4A0FD0066B828 /* LinkListSection.swift */ = {isa = PBXFileReference; lastKnownFileType = sourcecode.swift; path = LinkListSection.swift; sourceTree = "<group>"; };
		9246A43427DDE9CE00C8074E /* MainContainerViewController.swift */ = {isa = PBXFileReference; lastKnownFileType = sourcecode.swift; path = MainContainerViewController.swift; sourceTree = "<group>"; };
		9246A43727DDF9FD00C8074E /* SimpleButton.swift */ = {isa = PBXFileReference; lastKnownFileType = sourcecode.swift; path = SimpleButton.swift; sourceTree = "<group>"; };
		9246A43927DDFD5600C8074E /* UIView+Corners.swift */ = {isa = PBXFileReference; lastKnownFileType = sourcecode.swift; path = "UIView+Corners.swift"; sourceTree = "<group>"; };
		9246A43D27DE034E00C8074E /* InvalidatableTextField.swift */ = {isa = PBXFileReference; lastKnownFileType = sourcecode.swift; path = InvalidatableTextField.swift; sourceTree = "<group>"; };
		9246A44127DE0A4D00C8074E /* Poppins-Medium.ttf */ = {isa = PBXFileReference; lastKnownFileType = file; path = "Poppins-Medium.ttf"; sourceTree = "<group>"; };
		9246A44227DE0A4D00C8074E /* Poppins-Bold.ttf */ = {isa = PBXFileReference; lastKnownFileType = file; path = "Poppins-Bold.ttf"; sourceTree = "<group>"; };
		9246A44627DE144500C8074E /* LinkListViewController.swift */ = {isa = PBXFileReference; lastKnownFileType = sourcecode.swift; path = LinkListViewController.swift; sourceTree = "<group>"; };
		9246A44E27DE1FC800C8074E /* DataStorage.swift */ = {isa = PBXFileReference; lastKnownFileType = sourcecode.swift; path = DataStorage.swift; sourceTree = "<group>"; };
		9246A45027DE1FE700C8074E /* ShortenedLinkDataStorage.swift */ = {isa = PBXFileReference; lastKnownFileType = sourcecode.swift; path = ShortenedLinkDataStorage.swift; sourceTree = "<group>"; };
		9246A45327DE515500C8074E /* Errors.swift */ = {isa = PBXFileReference; lastKnownFileType = sourcecode.swift; path = Errors.swift; sourceTree = "<group>"; };
		9246A45A27DE545600C8074E /* LoadableButton.swift */ = {isa = PBXFileReference; lastKnownFileType = sourcecode.swift; path = LoadableButton.swift; sourceTree = "<group>"; };
		9246A45D27DE605200C8074E /* ShortenedLinksPublisher.swift */ = {isa = PBXFileReference; lastKnownFileType = sourcecode.swift; path = ShortenedLinksPublisher.swift; sourceTree = "<group>"; };
		9246A45F27DE7C8600C8074E /* TemporaryStateChangingButton.swift */ = {isa = PBXFileReference; lastKnownFileType = sourcecode.swift; path = TemporaryStateChangingButton.swift; sourceTree = "<group>"; };
		9246A46127DE813200C8074E /* Font.swift */ = {isa = PBXFileReference; lastKnownFileType = sourcecode.swift; path = Font.swift; sourceTree = "<group>"; };
		9246A46527DEA5BC00C8074E /* UIView+Gradient.swift */ = {isa = PBXFileReference; lastKnownFileType = sourcecode.swift; path = "UIView+Gradient.swift"; sourceTree = "<group>"; };
		92FDECC627DCBF5F00AEDD40 /* Shortly.app */ = {isa = PBXFileReference; explicitFileType = wrapper.application; includeInIndex = 0; path = Shortly.app; sourceTree = BUILT_PRODUCTS_DIR; };
		92FDECC927DCBF5F00AEDD40 /* AppDelegate.swift */ = {isa = PBXFileReference; lastKnownFileType = sourcecode.swift; path = AppDelegate.swift; sourceTree = "<group>"; };
		92FDECD227DCBF5F00AEDD40 /* Assets.xcassets */ = {isa = PBXFileReference; lastKnownFileType = folder.assetcatalog; path = Assets.xcassets; sourceTree = "<group>"; };
		92FDECD527DCBF5F00AEDD40 /* Base */ = {isa = PBXFileReference; lastKnownFileType = file.storyboard; name = Base; path = Base.lproj/LaunchScreen.storyboard; sourceTree = "<group>"; };
		92FDECD727DCBF5F00AEDD40 /* Info.plist */ = {isa = PBXFileReference; lastKnownFileType = text.plist.xml; path = Info.plist; sourceTree = "<group>"; };
		92FDECDE27DCC04400AEDD40 /* MainViewController.swift */ = {isa = PBXFileReference; lastKnownFileType = sourcecode.swift; path = MainViewController.swift; sourceTree = "<group>"; };
		92FDECE127DCC61D00AEDD40 /* ApiRequestAdapter.swift */ = {isa = PBXFileReference; lastKnownFileType = sourcecode.swift; path = ApiRequestAdapter.swift; sourceTree = "<group>"; };
		92FDECE527DCC6FF00AEDD40 /* Endpoint.swift */ = {isa = PBXFileReference; lastKnownFileType = sourcecode.swift; path = Endpoint.swift; sourceTree = "<group>"; };
		92FDECE727DCC75300AEDD40 /* BaseEndpoint.swift */ = {isa = PBXFileReference; lastKnownFileType = sourcecode.swift; path = BaseEndpoint.swift; sourceTree = "<group>"; };
		92FDECE927DCC85700AEDD40 /* ShortenLinkEndpoint.swift */ = {isa = PBXFileReference; lastKnownFileType = sourcecode.swift; path = ShortenLinkEndpoint.swift; sourceTree = "<group>"; };
		92FDECEB27DCCB9300AEDD40 /* ApiClient.swift */ = {isa = PBXFileReference; lastKnownFileType = sourcecode.swift; path = ApiClient.swift; sourceTree = "<group>"; };
		92FDECEE27DCEC8600AEDD40 /* Decoder.swift */ = {isa = PBXFileReference; lastKnownFileType = sourcecode.swift; path = Decoder.swift; sourceTree = "<group>"; };
		92FDECF427DCEE3B00AEDD40 /* Factory.swift */ = {isa = PBXFileReference; lastKnownFileType = sourcecode.swift; path = Factory.swift; sourceTree = "<group>"; };
		92FDECF727DCEED400AEDD40 /* ShortenUrlService.swift */ = {isa = PBXFileReference; lastKnownFileType = sourcecode.swift; path = ShortenUrlService.swift; sourceTree = "<group>"; };
		92FDECFA27DCEF6B00AEDD40 /* Result.swift */ = {isa = PBXFileReference; lastKnownFileType = sourcecode.swift; path = Result.swift; sourceTree = "<group>"; };
		92FDECFC27DCF00200AEDD40 /* ApiService.swift */ = {isa = PBXFileReference; lastKnownFileType = sourcecode.swift; path = ApiService.swift; sourceTree = "<group>"; };
		92FDED0127DCFFFA00AEDD40 /* ShortenLinkview.swift */ = {isa = PBXFileReference; lastKnownFileType = sourcecode.swift; path = ShortenLinkview.swift; sourceTree = "<group>"; };
		92FDED0427DD00EC00AEDD40 /* Color.swift */ = {isa = PBXFileReference; lastKnownFileType = sourcecode.swift; path = Color.swift; sourceTree = "<group>"; };
		92FDED0A27DD244C00AEDD40 /* WelcomeViewController.swift */ = {isa = PBXFileReference; lastKnownFileType = sourcecode.swift; path = WelcomeViewController.swift; sourceTree = "<group>"; };
		92FDED0D27DD27D800AEDD40 /* TitleSubtitleView.swift */ = {isa = PBXFileReference; lastKnownFileType = sourcecode.swift; path = TitleSubtitleView.swift; sourceTree = "<group>"; };
		92FDED1127DD2F9B00AEDD40 /* ContainerViewController.swift */ = {isa = PBXFileReference; lastKnownFileType = sourcecode.swift; path = ContainerViewController.swift; sourceTree = "<group>"; };
		92FDED1427DD32AE00AEDD40 /* UIViewController+Child.swift */ = {isa = PBXFileReference; lastKnownFileType = sourcecode.swift; path = "UIViewController+Child.swift"; sourceTree = "<group>"; };
		92FDED1627DD352800AEDD40 /* UIView+Constraints.swift */ = {isa = PBXFileReference; lastKnownFileType = sourcecode.swift; path = "UIView+Constraints.swift"; sourceTree = "<group>"; };
/* End PBXFileReference section */

/* Begin PBXFrameworksBuildPhase section */
		92FDECC327DCBF5E00AEDD40 /* Frameworks */ = {
			isa = PBXFrameworksBuildPhase;
			buildActionMask = 2147483647;
			files = (
			);
			runOnlyForDeploymentPostprocessing = 0;
		};
/* End PBXFrameworksBuildPhase section */

/* Begin PBXGroup section */
		923C45DB27E4A0F10066B828 /* Model */ = {
			isa = PBXGroup;
			children = (
				923C45DC27E4A0FD0066B828 /* LinkListSection.swift */,
			);
			path = Model;
			sourceTree = "<group>";
		};
		9246A43627DDF99C00C8074E /* View */ = {
			isa = PBXGroup;
			children = (
				9246A45727DE53AE00C8074E /* Protocols */,
				9246A43727DDF9FD00C8074E /* SimpleButton.swift */,
				9246A45A27DE545600C8074E /* LoadableButton.swift */,
				9246A45F27DE7C8600C8074E /* TemporaryStateChangingButton.swift */,
			);
			path = View;
			sourceTree = "<group>";
		};
		9246A43F27DE0A2500C8074E /* Resource */ = {
			isa = PBXGroup;
			children = (
				9246A44027DE0A2A00C8074E /* Font */,
			);
			path = Resource;
			sourceTree = "<group>";
		};
		9246A44027DE0A2A00C8074E /* Font */ = {
			isa = PBXGroup;
			children = (
				9246A44227DE0A4D00C8074E /* Poppins-Bold.ttf */,
				9246A44127DE0A4D00C8074E /* Poppins-Medium.ttf */,
			);
			path = Font;
			sourceTree = "<group>";
		};
		9246A44327DE10CB00C8074E /* LinkListViewController */ = {
			isa = PBXGroup;
			children = (
				923C45DB27E4A0F10066B828 /* Model */,
				9246A44827DE145C00C8074E /* View */,
				9246A44627DE144500C8074E /* LinkListViewController.swift */,
			);
			path = LinkListViewController;
			sourceTree = "<group>";
		};
		9246A44827DE145C00C8074E /* View */ = {
			isa = PBXGroup;
			children = (
				923C45D727E493490066B828 /* SavedLinkTableViewCell.swift */,
				923C45D927E4986C0066B828 /* LinkListTitleTableViewCell.swift */,
			);
			path = View;
			sourceTree = "<group>";
		};
		9246A44D27DE1FAF00C8074E /* Storage */ = {
			isa = PBXGroup;
			children = (
				9246A44E27DE1FC800C8074E /* DataStorage.swift */,
				9246A45027DE1FE700C8074E /* ShortenedLinkDataStorage.swift */,
			);
			path = Storage;
			sourceTree = "<group>";
		};
		9246A45227DE514A00C8074E /* Error */ = {
			isa = PBXGroup;
			children = (
				9246A45327DE515500C8074E /* Errors.swift */,
			);
			path = Error;
			sourceTree = "<group>";
		};
		9246A45727DE53AE00C8074E /* Protocols */ = {
			isa = PBXGroup;
			children = (
			);
			path = Protocols;
			sourceTree = "<group>";
		};
		92FDECBD27DCBF5E00AEDD40 = {
			isa = PBXGroup;
			children = (
				92FDECC827DCBF5F00AEDD40 /* Shortly */,
				92FDECC727DCBF5F00AEDD40 /* Products */,
			);
			sourceTree = "<group>";
		};
		92FDECC727DCBF5F00AEDD40 /* Products */ = {
			isa = PBXGroup;
			children = (
				92FDECC627DCBF5F00AEDD40 /* Shortly.app */,
			);
			name = Products;
			sourceTree = "<group>";
		};
		92FDECC827DCBF5F00AEDD40 /* Shortly */ = {
			isa = PBXGroup;
			children = (
				9246A43F27DE0A2500C8074E /* Resource */,
				92FDECF027DCEDBF00AEDD40 /* Business Logic */,
				92FDECE027DCC58C00AEDD40 /* API */,
				92FDECDD27DCBF9600AEDD40 /* Presentation */,
				92FDECC927DCBF5F00AEDD40 /* AppDelegate.swift */,
				92FDECD227DCBF5F00AEDD40 /* Assets.xcassets */,
				92FDECD427DCBF5F00AEDD40 /* LaunchScreen.storyboard */,
				92FDECD727DCBF5F00AEDD40 /* Info.plist */,
			);
			path = Shortly;
			sourceTree = "<group>";
		};
		92FDECDD27DCBF9600AEDD40 /* Presentation */ = {
			isa = PBXGroup;
			children = (
				92FDED0627DD200B00AEDD40 /* ViewController */,
				92FDED0327DD00D400AEDD40 /* Common */,
				92FDECFE27DCFE9B00AEDD40 /* View */,
				92FDECDE27DCC04400AEDD40 /* MainViewController.swift */,
				9246A43427DDE9CE00C8074E /* MainContainerViewController.swift */,
			);
			path = Presentation;
			sourceTree = "<group>";
		};
		92FDECE027DCC58C00AEDD40 /* API */ = {
			isa = PBXGroup;
			children = (
				92FDECF927DCEF6100AEDD40 /* Helper */,
				92FDECF627DCEEC000AEDD40 /* Service */,
				92FDECED27DCEC7100AEDD40 /* Utility */,
				92FDECE327DCC6E700AEDD40 /* Endpoints */,
				92FDECE127DCC61D00AEDD40 /* ApiRequestAdapter.swift */,
				92FDECEB27DCCB9300AEDD40 /* ApiClient.swift */,
			);
			path = API;
			sourceTree = "<group>";
		};
		92FDECE327DCC6E700AEDD40 /* Endpoints */ = {
			isa = PBXGroup;
			children = (
				9246A45227DE514A00C8074E /* Error */,
				92FDECE427DCC6ED00AEDD40 /* Base */,
				92FDECE927DCC85700AEDD40 /* ShortenLinkEndpoint.swift */,
			);
			path = Endpoints;
			sourceTree = "<group>";
		};
		92FDECE427DCC6ED00AEDD40 /* Base */ = {
			isa = PBXGroup;
			children = (
				92FDECE527DCC6FF00AEDD40 /* Endpoint.swift */,
				92FDECE727DCC75300AEDD40 /* BaseEndpoint.swift */,
			);
			path = Base;
			sourceTree = "<group>";
		};
		92FDECED27DCEC7100AEDD40 /* Utility */ = {
			isa = PBXGroup;
			children = (
				92FDECEE27DCEC8600AEDD40 /* Decoder.swift */,
			);
			path = Utility;
			sourceTree = "<group>";
		};
		92FDECF027DCEDBF00AEDD40 /* Business Logic */ = {
			isa = PBXGroup;
			children = (
				9246A44D27DE1FAF00C8074E /* Storage */,
				92FDECF227DCEE2200AEDD40 /* Service */,
			);
			path = "Business Logic";
			sourceTree = "<group>";
		};
		92FDECF227DCEE2200AEDD40 /* Service */ = {
			isa = PBXGroup;
			children = (
				9246A45D27DE605200C8074E /* ShortenedLinksPublisher.swift */,
				92FDECF327DCEE2A00AEDD40 /* DI */,
			);
			path = Service;
			sourceTree = "<group>";
		};
		92FDECF327DCEE2A00AEDD40 /* DI */ = {
			isa = PBXGroup;
			children = (
				92FDECF427DCEE3B00AEDD40 /* Factory.swift */,
			);
			path = DI;
			sourceTree = "<group>";
		};
		92FDECF627DCEEC000AEDD40 /* Service */ = {
			isa = PBXGroup;
			children = (
				92FDECF727DCEED400AEDD40 /* ShortenUrlService.swift */,
				92FDECFC27DCF00200AEDD40 /* ApiService.swift */,
			);
			path = Service;
			sourceTree = "<group>";
		};
		92FDECF927DCEF6100AEDD40 /* Helper */ = {
			isa = PBXGroup;
			children = (
				92FDECFA27DCEF6B00AEDD40 /* Result.swift */,
			);
			path = Helper;
			sourceTree = "<group>";
		};
		92FDECFE27DCFE9B00AEDD40 /* View */ = {
			isa = PBXGroup;
			children = (
				92FDED0127DCFFFA00AEDD40 /* ShortenLinkview.swift */,
				9246A43D27DE034E00C8074E /* InvalidatableTextField.swift */,
			);
			path = View;
			sourceTree = "<group>";
		};
		92FDED0327DD00D400AEDD40 /* Common */ = {
			isa = PBXGroup;
			children = (
				9246A43627DDF99C00C8074E /* View */,
				92FDED1327DD328D00AEDD40 /* Extension */,
				92FDED1027DD2F8A00AEDD40 /* ViewController */,
				92FDED0F27DD2F6500AEDD40 /* Utility */,
			);
			path = Common;
			sourceTree = "<group>";
		};
		92FDED0627DD200B00AEDD40 /* ViewController */ = {
			isa = PBXGroup;
			children = (
				9246A44327DE10CB00C8074E /* LinkListViewController */,
				92FDED0727DD20DC00AEDD40 /* WelcomeViewController */,
			);
			path = ViewController;
			sourceTree = "<group>";
		};
		92FDED0727DD20DC00AEDD40 /* WelcomeViewController */ = {
			isa = PBXGroup;
			children = (
				92FDED0C27DD277200AEDD40 /* View */,
				92FDED0A27DD244C00AEDD40 /* WelcomeViewController.swift */,
			);
			path = WelcomeViewController;
			sourceTree = "<group>";
		};
		92FDED0C27DD277200AEDD40 /* View */ = {
			isa = PBXGroup;
			children = (
				92FDED0D27DD27D800AEDD40 /* TitleSubtitleView.swift */,
			);
			path = View;
			sourceTree = "<group>";
		};
		92FDED0F27DD2F6500AEDD40 /* Utility */ = {
			isa = PBXGroup;
			children = (
				92FDED0427DD00EC00AEDD40 /* Color.swift */,
				9246A46127DE813200C8074E /* Font.swift */,
			);
			path = Utility;
			sourceTree = "<group>";
		};
		92FDED1027DD2F8A00AEDD40 /* ViewController */ = {
			isa = PBXGroup;
			children = (
				92FDED1127DD2F9B00AEDD40 /* ContainerViewController.swift */,
			);
			path = ViewController;
			sourceTree = "<group>";
		};
		92FDED1327DD328D00AEDD40 /* Extension */ = {
			isa = PBXGroup;
			children = (
				92FDED1427DD32AE00AEDD40 /* UIViewController+Child.swift */,
				92FDED1627DD352800AEDD40 /* UIView+Constraints.swift */,
				9246A43927DDFD5600C8074E /* UIView+Corners.swift */,
				9246A46527DEA5BC00C8074E /* UIView+Gradient.swift */,
			);
			path = Extension;
			sourceTree = "<group>";
		};
/* End PBXGroup section */

/* Begin PBXNativeTarget section */
		92FDECC527DCBF5E00AEDD40 /* Shortly */ = {
			isa = PBXNativeTarget;
			buildConfigurationList = 92FDECDA27DCBF5F00AEDD40 /* Build configuration list for PBXNativeTarget "Shortly" */;
			buildPhases = (
				92FDECC227DCBF5E00AEDD40 /* Sources */,
				92FDECC327DCBF5E00AEDD40 /* Frameworks */,
				92FDECC427DCBF5E00AEDD40 /* Resources */,
			);
			buildRules = (
			);
			dependencies = (
			);
			name = Shortly;
			productName = Shortly;
			productReference = 92FDECC627DCBF5F00AEDD40 /* Shortly.app */;
			productType = "com.apple.product-type.application";
		};
/* End PBXNativeTarget section */

/* Begin PBXProject section */
		92FDECBE27DCBF5E00AEDD40 /* Project object */ = {
			isa = PBXProject;
			attributes = {
				BuildIndependentTargetsInParallel = 1;
				LastSwiftUpdateCheck = 1320;
				LastUpgradeCheck = 1320;
				TargetAttributes = {
					92FDECC527DCBF5E00AEDD40 = {
						CreatedOnToolsVersion = 13.2.1;
					};
				};
			};
			buildConfigurationList = 92FDECC127DCBF5E00AEDD40 /* Build configuration list for PBXProject "Shortly" */;
			compatibilityVersion = "Xcode 13.0";
			developmentRegion = en;
			hasScannedForEncodings = 0;
			knownRegions = (
				en,
				Base,
			);
			mainGroup = 92FDECBD27DCBF5E00AEDD40;
			productRefGroup = 92FDECC727DCBF5F00AEDD40 /* Products */;
			projectDirPath = "";
			projectRoot = "";
			targets = (
				92FDECC527DCBF5E00AEDD40 /* Shortly */,
			);
		};
/* End PBXProject section */

/* Begin PBXResourcesBuildPhase section */
		92FDECC427DCBF5E00AEDD40 /* Resources */ = {
			isa = PBXResourcesBuildPhase;
			buildActionMask = 2147483647;
			files = (
				92FDECD627DCBF5F00AEDD40 /* LaunchScreen.storyboard in Resources */,
				9246A46427DE834800C8074E /* Poppins-Medium.ttf in Resources */,
				9246A46327DE834600C8074E /* Poppins-Bold.ttf in Resources */,
				92FDECD327DCBF5F00AEDD40 /* Assets.xcassets in Resources */,
			);
			runOnlyForDeploymentPostprocessing = 0;
		};
/* End PBXResourcesBuildPhase section */

/* Begin PBXSourcesBuildPhase section */
		92FDECC227DCBF5E00AEDD40 /* Sources */ = {
			isa = PBXSourcesBuildPhase;
			buildActionMask = 2147483647;
			files = (
				92FDECEC27DCCB9300AEDD40 /* ApiClient.swift in Sources */,
				92FDECF827DCEED400AEDD40 /* ShortenUrlService.swift in Sources */,
				9246A45E27DE605200C8074E /* ShortenedLinksPublisher.swift in Sources */,
				92FDECFD27DCF00200AEDD40 /* ApiService.swift in Sources */,
				9246A45427DE515500C8074E /* Errors.swift in Sources */,
				92FDECE827DCC75300AEDD40 /* BaseEndpoint.swift in Sources */,
				9246A44727DE144500C8074E /* LinkListViewController.swift in Sources */,
				92FDECCA27DCBF5F00AEDD40 /* AppDelegate.swift in Sources */,
				923C45DA27E4986C0066B828 /* LinkListTitleTableViewCell.swift in Sources */,
				9246A45127DE1FE700C8074E /* ShortenedLinkDataStorage.swift in Sources */,
				9246A45B27DE545600C8074E /* LoadableButton.swift in Sources */,
				9246A43527DDE9CE00C8074E /* MainContainerViewController.swift in Sources */,
				92FDECEA27DCC85700AEDD40 /* ShortenLinkEndpoint.swift in Sources */,
				9246A46027DE7C8600C8074E /* TemporaryStateChangingButton.swift in Sources */,
				92FDED0B27DD244C00AEDD40 /* WelcomeViewController.swift in Sources */,
				92FDECDF27DCC04400AEDD40 /* MainViewController.swift in Sources */,
				9246A43A27DDFD5600C8074E /* UIView+Corners.swift in Sources */,
				92FDECF527DCEE3B00AEDD40 /* Factory.swift in Sources */,
				9246A44F27DE1FC800C8074E /* DataStorage.swift in Sources */,
				9246A43E27DE034E00C8074E /* InvalidatableTextField.swift in Sources */,
				92FDECE627DCC6FF00AEDD40 /* Endpoint.swift in Sources */,
				92FDED0527DD00EC00AEDD40 /* Color.swift in Sources */,
				92FDED1227DD2F9B00AEDD40 /* ContainerViewController.swift in Sources */,
				923C45D827E493490066B828 /* SavedLinkTableViewCell.swift in Sources */,
				9246A46227DE813200C8074E /* Font.swift in Sources */,
				92FDED0E27DD27D800AEDD40 /* TitleSubtitleView.swift in Sources */,
				923C45DD27E4A0FD0066B828 /* LinkListSection.swift in Sources */,
				92FDECEF27DCEC8600AEDD40 /* Decoder.swift in Sources */,
				92FDED0227DCFFFA00AEDD40 /* ShortenLinkview.swift in Sources */,
				9246A46627DEA5BC00C8074E /* UIView+Gradient.swift in Sources */,
				92FDECE227DCC61D00AEDD40 /* ApiRequestAdapter.swift in Sources */,
				9246A43827DDF9FD00C8074E /* SimpleButton.swift in Sources */,
				92FDED1727DD352800AEDD40 /* UIView+Constraints.swift in Sources */,
				92FDECFB27DCEF6B00AEDD40 /* Result.swift in Sources */,
				92FDED1527DD32AE00AEDD40 /* UIViewController+Child.swift in Sources */,
			);
			runOnlyForDeploymentPostprocessing = 0;
		};
/* End PBXSourcesBuildPhase section */

/* Begin PBXVariantGroup section */
		92FDECD427DCBF5F00AEDD40 /* LaunchScreen.storyboard */ = {
			isa = PBXVariantGroup;
			children = (
				92FDECD527DCBF5F00AEDD40 /* Base */,
			);
			name = LaunchScreen.storyboard;
			sourceTree = "<group>";
		};
/* End PBXVariantGroup section */

/* Begin XCBuildConfiguration section */
		92FDECD827DCBF5F00AEDD40 /* Debug */ = {
			isa = XCBuildConfiguration;
			buildSettings = {
				ALWAYS_SEARCH_USER_PATHS = NO;
				CLANG_ANALYZER_NONNULL = YES;
				CLANG_ANALYZER_NUMBER_OBJECT_CONVERSION = YES_AGGRESSIVE;
				CLANG_CXX_LANGUAGE_STANDARD = "gnu++17";
				CLANG_CXX_LIBRARY = "libc++";
				CLANG_ENABLE_MODULES = YES;
				CLANG_ENABLE_OBJC_ARC = YES;
				CLANG_ENABLE_OBJC_WEAK = YES;
				CLANG_WARN_BLOCK_CAPTURE_AUTORELEASING = YES;
				CLANG_WARN_BOOL_CONVERSION = YES;
				CLANG_WARN_COMMA = YES;
				CLANG_WARN_CONSTANT_CONVERSION = YES;
				CLANG_WARN_DEPRECATED_OBJC_IMPLEMENTATIONS = YES;
				CLANG_WARN_DIRECT_OBJC_ISA_USAGE = YES_ERROR;
				CLANG_WARN_DOCUMENTATION_COMMENTS = YES;
				CLANG_WARN_EMPTY_BODY = YES;
				CLANG_WARN_ENUM_CONVERSION = YES;
				CLANG_WARN_INFINITE_RECURSION = YES;
				CLANG_WARN_INT_CONVERSION = YES;
				CLANG_WARN_NON_LITERAL_NULL_CONVERSION = YES;
				CLANG_WARN_OBJC_IMPLICIT_RETAIN_SELF = YES;
				CLANG_WARN_OBJC_LITERAL_CONVERSION = YES;
				CLANG_WARN_OBJC_ROOT_CLASS = YES_ERROR;
				CLANG_WARN_QUOTED_INCLUDE_IN_FRAMEWORK_HEADER = YES;
				CLANG_WARN_RANGE_LOOP_ANALYSIS = YES;
				CLANG_WARN_STRICT_PROTOTYPES = YES;
				CLANG_WARN_SUSPICIOUS_MOVE = YES;
				CLANG_WARN_UNGUARDED_AVAILABILITY = YES_AGGRESSIVE;
				CLANG_WARN_UNREACHABLE_CODE = YES;
				CLANG_WARN__DUPLICATE_METHOD_MATCH = YES;
				COPY_PHASE_STRIP = NO;
				DEBUG_INFORMATION_FORMAT = dwarf;
				ENABLE_STRICT_OBJC_MSGSEND = YES;
				ENABLE_TESTABILITY = YES;
				GCC_C_LANGUAGE_STANDARD = gnu11;
				GCC_DYNAMIC_NO_PIC = NO;
				GCC_NO_COMMON_BLOCKS = YES;
				GCC_OPTIMIZATION_LEVEL = 0;
				GCC_PREPROCESSOR_DEFINITIONS = (
					"DEBUG=1",
					"$(inherited)",
				);
				GCC_WARN_64_TO_32_BIT_CONVERSION = YES;
				GCC_WARN_ABOUT_RETURN_TYPE = YES_ERROR;
				GCC_WARN_UNDECLARED_SELECTOR = YES;
				GCC_WARN_UNINITIALIZED_AUTOS = YES_AGGRESSIVE;
				GCC_WARN_UNUSED_FUNCTION = YES;
				GCC_WARN_UNUSED_VARIABLE = YES;
				IPHONEOS_DEPLOYMENT_TARGET = 15.2;
				MTL_ENABLE_DEBUG_INFO = INCLUDE_SOURCE;
				MTL_FAST_MATH = YES;
				ONLY_ACTIVE_ARCH = YES;
				SDKROOT = iphoneos;
				SWIFT_ACTIVE_COMPILATION_CONDITIONS = DEBUG;
				SWIFT_OPTIMIZATION_LEVEL = "-Onone";
			};
			name = Debug;
		};
		92FDECD927DCBF5F00AEDD40 /* Release */ = {
			isa = XCBuildConfiguration;
			buildSettings = {
				ALWAYS_SEARCH_USER_PATHS = NO;
				CLANG_ANALYZER_NONNULL = YES;
				CLANG_ANALYZER_NUMBER_OBJECT_CONVERSION = YES_AGGRESSIVE;
				CLANG_CXX_LANGUAGE_STANDARD = "gnu++17";
				CLANG_CXX_LIBRARY = "libc++";
				CLANG_ENABLE_MODULES = YES;
				CLANG_ENABLE_OBJC_ARC = YES;
				CLANG_ENABLE_OBJC_WEAK = YES;
				CLANG_WARN_BLOCK_CAPTURE_AUTORELEASING = YES;
				CLANG_WARN_BOOL_CONVERSION = YES;
				CLANG_WARN_COMMA = YES;
				CLANG_WARN_CONSTANT_CONVERSION = YES;
				CLANG_WARN_DEPRECATED_OBJC_IMPLEMENTATIONS = YES;
				CLANG_WARN_DIRECT_OBJC_ISA_USAGE = YES_ERROR;
				CLANG_WARN_DOCUMENTATION_COMMENTS = YES;
				CLANG_WARN_EMPTY_BODY = YES;
				CLANG_WARN_ENUM_CONVERSION = YES;
				CLANG_WARN_INFINITE_RECURSION = YES;
				CLANG_WARN_INT_CONVERSION = YES;
				CLANG_WARN_NON_LITERAL_NULL_CONVERSION = YES;
				CLANG_WARN_OBJC_IMPLICIT_RETAIN_SELF = YES;
				CLANG_WARN_OBJC_LITERAL_CONVERSION = YES;
				CLANG_WARN_OBJC_ROOT_CLASS = YES_ERROR;
				CLANG_WARN_QUOTED_INCLUDE_IN_FRAMEWORK_HEADER = YES;
				CLANG_WARN_RANGE_LOOP_ANALYSIS = YES;
				CLANG_WARN_STRICT_PROTOTYPES = YES;
				CLANG_WARN_SUSPICIOUS_MOVE = YES;
				CLANG_WARN_UNGUARDED_AVAILABILITY = YES_AGGRESSIVE;
				CLANG_WARN_UNREACHABLE_CODE = YES;
				CLANG_WARN__DUPLICATE_METHOD_MATCH = YES;
				COPY_PHASE_STRIP = NO;
				DEBUG_INFORMATION_FORMAT = "dwarf-with-dsym";
				ENABLE_NS_ASSERTIONS = NO;
				ENABLE_STRICT_OBJC_MSGSEND = YES;
				GCC_C_LANGUAGE_STANDARD = gnu11;
				GCC_NO_COMMON_BLOCKS = YES;
				GCC_WARN_64_TO_32_BIT_CONVERSION = YES;
				GCC_WARN_ABOUT_RETURN_TYPE = YES_ERROR;
				GCC_WARN_UNDECLARED_SELECTOR = YES;
				GCC_WARN_UNINITIALIZED_AUTOS = YES_AGGRESSIVE;
				GCC_WARN_UNUSED_FUNCTION = YES;
				GCC_WARN_UNUSED_VARIABLE = YES;
				IPHONEOS_DEPLOYMENT_TARGET = 15.2;
				MTL_ENABLE_DEBUG_INFO = NO;
				MTL_FAST_MATH = YES;
				SDKROOT = iphoneos;
				SWIFT_COMPILATION_MODE = wholemodule;
				SWIFT_OPTIMIZATION_LEVEL = "-O";
				VALIDATE_PRODUCT = YES;
			};
			name = Release;
		};
		92FDECDB27DCBF5F00AEDD40 /* Debug */ = {
			isa = XCBuildConfiguration;
			buildSettings = {
				ASSETCATALOG_COMPILER_APPICON_NAME = AppIcon;
				ASSETCATALOG_COMPILER_GLOBAL_ACCENT_COLOR_NAME = AccentColor;
				CODE_SIGN_STYLE = Automatic;
				CURRENT_PROJECT_VERSION = 1;
				DEVELOPMENT_TEAM = R32RNVFC97;
				GENERATE_INFOPLIST_FILE = YES;
				INFOPLIST_FILE = Shortly/Info.plist;
				INFOPLIST_KEY_UIApplicationSupportsIndirectInputEvents = YES;
				INFOPLIST_KEY_UILaunchStoryboardName = LaunchScreen;
				INFOPLIST_KEY_UISupportedInterfaceOrientations_iPad = "UIInterfaceOrientationPortrait UIInterfaceOrientationPortraitUpsideDown UIInterfaceOrientationLandscapeLeft UIInterfaceOrientationLandscapeRight";
				INFOPLIST_KEY_UISupportedInterfaceOrientations_iPhone = "UIInterfaceOrientationPortrait UIInterfaceOrientationLandscapeLeft UIInterfaceOrientationLandscapeRight";
				IPHONEOS_DEPLOYMENT_TARGET = 13.0;
				LD_RUNPATH_SEARCH_PATHS = (
					"$(inherited)",
					"@executable_path/Frameworks",
				);
				MARKETING_VERSION = 1.0;
				PRODUCT_BUNDLE_IDENTIFIER = denis.Shortly;
				PRODUCT_NAME = "$(TARGET_NAME)";
				SWIFT_EMIT_LOC_STRINGS = YES;
				SWIFT_VERSION = 5.0;
				TARGETED_DEVICE_FAMILY = "1,2";
			};
			name = Debug;
		};
		92FDECDC27DCBF5F00AEDD40 /* Release */ = {
			isa = XCBuildConfiguration;
			buildSettings = {
				ASSETCATALOG_COMPILER_APPICON_NAME = AppIcon;
				ASSETCATALOG_COMPILER_GLOBAL_ACCENT_COLOR_NAME = AccentColor;
				CODE_SIGN_STYLE = Automatic;
				CURRENT_PROJECT_VERSION = 1;
				DEVELOPMENT_TEAM = R32RNVFC97;
				GENERATE_INFOPLIST_FILE = YES;
				INFOPLIST_FILE = Shortly/Info.plist;
				INFOPLIST_KEY_UIApplicationSupportsIndirectInputEvents = YES;
				INFOPLIST_KEY_UILaunchStoryboardName = LaunchScreen;
				INFOPLIST_KEY_UISupportedInterfaceOrientations_iPad = "UIInterfaceOrientationPortrait UIInterfaceOrientationPortraitUpsideDown UIInterfaceOrientationLandscapeLeft UIInterfaceOrientationLandscapeRight";
				INFOPLIST_KEY_UISupportedInterfaceOrientations_iPhone = "UIInterfaceOrientationPortrait UIInterfaceOrientationLandscapeLeft UIInterfaceOrientationLandscapeRight";
				IPHONEOS_DEPLOYMENT_TARGET = 13.0;
				LD_RUNPATH_SEARCH_PATHS = (
					"$(inherited)",
					"@executable_path/Frameworks",
				);
				MARKETING_VERSION = 1.0;
				PRODUCT_BUNDLE_IDENTIFIER = denis.Shortly;
				PRODUCT_NAME = "$(TARGET_NAME)";
				SWIFT_EMIT_LOC_STRINGS = YES;
				SWIFT_VERSION = 5.0;
				TARGETED_DEVICE_FAMILY = "1,2";
			};
			name = Release;
		};
/* End XCBuildConfiguration section */

/* Begin XCConfigurationList section */
		92FDECC127DCBF5E00AEDD40 /* Build configuration list for PBXProject "Shortly" */ = {
			isa = XCConfigurationList;
			buildConfigurations = (
				92FDECD827DCBF5F00AEDD40 /* Debug */,
				92FDECD927DCBF5F00AEDD40 /* Release */,
			);
			defaultConfigurationIsVisible = 0;
			defaultConfigurationName = Release;
		};
		92FDECDA27DCBF5F00AEDD40 /* Build configuration list for PBXNativeTarget "Shortly" */ = {
			isa = XCConfigurationList;
			buildConfigurations = (
				92FDECDB27DCBF5F00AEDD40 /* Debug */,
				92FDECDC27DCBF5F00AEDD40 /* Release */,
			);
			defaultConfigurationIsVisible = 0;
			defaultConfigurationName = Release;
		};
/* End XCConfigurationList section */
	};
	rootObject = 92FDECBE27DCBF5E00AEDD40 /* Project object */;
}
